
Microsoft Visual Studio Solution File, Format Version 12.00
# Visual Studio Version 17
VisualStudioVersion = 17.6.33801.468
MinimumVisualStudioVersion = 10.0.40219.1
Project("{FAE04EC0-301F-11D3-BF4B-00C04F79EFBC}") = "GrpcServer", "GrpcServer\GrpcServer.csproj", "{B3854A89-820A-4DAB-9241-987F56D4609A}"
EndProject
Project("{FAE04EC0-301F-11D3-BF4B-00C04F79EFBC}") = "GrpcSender", "GrpcSender\GrpcSender.csproj", "{E5A30A0B-3E46-4B9D-B5F3-E59ADE7A1DBA}"
EndProject
Project("{FAE04EC0-301F-11D3-BF4B-00C04F79EFBC}") = "GrpcListener", "GrpcListener\GrpcListener.csproj", "{50F153A7-3703-402D-B6B0-8DB2D66DCE43}"
EndProject
Project("{FAE04EC0-301F-11D3-BF4B-00C04F79EFBC}") = "ConsoleListener", "ConsoleListener\ConsoleListener.csproj", "{B9E2AF10-588A-4698-9CD0-821DD70BD170}"
EndProject
Project("{E53339B2-1760-4266-BCC7-CA923CBCF16C}") = "docker-compose", "docker-compose.dcproj", "{5BBF081A-E118-4DC5-8548-09E60EDF2A4A}"
EndProject
Global
	GlobalSection(SolutionConfigurationPlatforms) = preSolution
		Debug|Any CPU = Debug|Any CPU
		Release|Any CPU = Release|Any CPU
	EndGlobalSection
	GlobalSection(ProjectConfigurationPlatforms) = postSolution
		{B3854A89-820A-4DAB-9241-987F56D4609A}.Debug|Any CPU.ActiveCfg = Debug|Any CPU
		{B3854A89-820A-4DAB-9241-987F56D4609A}.Debug|Any CPU.Build.0 = Debug|Any CPU
		{B3854A89-820A-4DAB-9241-987F56D4609A}.Release|Any CPU.ActiveCfg = Release|Any CPU
		{B3854A89-820A-4DAB-9241-987F56D4609A}.Release|Any CPU.Build.0 = Release|Any CPU
		{E5A30A0B-3E46-4B9D-B5F3-E59ADE7A1DBA}.Debug|Any CPU.ActiveCfg = Debug|Any CPU
		{E5A30A0B-3E46-4B9D-B5F3-E59ADE7A1DBA}.Debug|Any CPU.Build.0 = Debug|Any CPU
		{E5A30A0B-3E46-4B9D-B5F3-E59ADE7A1DBA}.Release|Any CPU.ActiveCfg = Release|Any CPU
		{E5A30A0B-3E46-4B9D-B5F3-E59ADE7A1DBA}.Release|Any CPU.Build.0 = Release|Any CPU
		{50F153A7-3703-402D-B6B0-8DB2D66DCE43}.Debug|Any CPU.ActiveCfg = Debug|Any CPU
		{50F153A7-3703-402D-B6B0-8DB2D66DCE43}.Debug|Any CPU.Build.0 = Debug|Any CPU
		{50F153A7-3703-402D-B6B0-8DB2D66DCE43}.Release|Any CPU.ActiveCfg = Release|Any CPU
		{50F153A7-3703-402D-B6B0-8DB2D66DCE43}.Release|Any CPU.Build.0 = Release|Any CPU
		{B9E2AF10-588A-4698-9CD0-821DD70BD170}.Debug|Any CPU.ActiveCfg = Debug|Any CPU
		{B9E2AF10-588A-4698-9CD0-821DD70BD170}.Debug|Any CPU.Build.0 = Debug|Any CPU
		{B9E2AF10-588A-4698-9CD0-821DD70BD170}.Release|Any CPU.ActiveCfg = Release|Any CPU
		{B9E2AF10-588A-4698-9CD0-821DD70BD170}.Release|Any CPU.Build.0 = Release|Any CPU
		{5BBF081A-E118-4DC5-8548-09E60EDF2A4A}.Debug|Any CPU.ActiveCfg = Debug|Any CPU
		{5BBF081A-E118-4DC5-8548-09E60EDF2A4A}.Debug|Any CPU.Build.0 = Debug|Any CPU
		{5BBF081A-E118-4DC5-8548-09E60EDF2A4A}.Release|Any CPU.ActiveCfg = Release|Any CPU
		{5BBF081A-E118-4DC5-8548-09E60EDF2A4A}.Release|Any CPU.Build.0 = Release|Any CPU
	EndGlobalSection
	GlobalSection(SolutionProperties) = preSolution
		HideSolutionNode = FALSE
	EndGlobalSection
	GlobalSection(ExtensibilityGlobals) = postSolution
		SolutionGuid = {C09CF581-07D2-40DC-AC1C-52706BA299D5}
	EndGlobalSection
EndGlobal
